
Microsoft Visual Studio Solution File, Format Version 12.00
# Visual Studio Version 17
VisualStudioVersion = 17.8.34322.80
MinimumVisualStudioVersion = 10.0.40219.1
Project("{9A19103F-16F7-4668-BE54-9A1E7A4F7556}") = "MercadonaBlazor2024.Server", "MercadonaBlazor2024\Server\MercadonaBlazor2024.Server.csproj", "{DD2EF5EB-314D-40FD-AF15-F755A3F4B3A1}"
EndProject
Project("{9A19103F-16F7-4668-BE54-9A1E7A4F7556}") = "MercadonaBlazor2024.Client", "MercadonaBlazor2024\Client\MercadonaBlazor2024.Client.csproj", "{3EA4BA3F-FE54-4752-81E0-18A06513AC51}"
EndProject
Project("{9A19103F-16F7-4668-BE54-9A1E7A4F7556}") = "MercadonaBlazor2024.Shared", "MercadonaBlazor2024\Shared\MercadonaBlazor2024.Shared.csproj", "{EA201864-30C8-4FDA-BE7E-9FC98CE5B654}"
EndProject
Global
	GlobalSection(SolutionConfigurationPlatforms) = preSolution
		Debug|Any CPU = Debug|Any CPU
		Release|Any CPU = Release|Any CPU
	EndGlobalSection
	GlobalSection(ProjectConfigurationPlatforms) = postSolution
		{DD2EF5EB-314D-40FD-AF15-F755A3F4B3A1}.Debug|Any CPU.ActiveCfg = Debug|Any CPU
		{DD2EF5EB-314D-40FD-AF15-F755A3F4B3A1}.Debug|Any CPU.Build.0 = Debug|Any CPU
		{DD2EF5EB-314D-40FD-AF15-F755A3F4B3A1}.Release|Any CPU.ActiveCfg = Release|Any CPU
		{DD2EF5EB-314D-40FD-AF15-F755A3F4B3A1}.Release|Any CPU.Build.0 = Release|Any CPU
		{3EA4BA3F-FE54-4752-81E0-18A06513AC51}.Debug|Any CPU.ActiveCfg = Debug|Any CPU
		{3EA4BA3F-FE54-4752-81E0-18A06513AC51}.Debug|Any CPU.Build.0 = Debug|Any CPU
		{3EA4BA3F-FE54-4752-81E0-18A06513AC51}.Release|Any CPU.ActiveCfg = Release|Any CPU
		{3EA4BA3F-FE54-4752-81E0-18A06513AC51}.Release|Any CPU.Build.0 = Release|Any CPU
		{EA201864-30C8-4FDA-BE7E-9FC98CE5B654}.Debug|Any CPU.ActiveCfg = Debug|Any CPU
		{EA201864-30C8-4FDA-BE7E-9FC98CE5B654}.Debug|Any CPU.Build.0 = Debug|Any CPU
		{EA201864-30C8-4FDA-BE7E-9FC98CE5B654}.Release|Any CPU.ActiveCfg = Release|Any CPU
		{EA201864-30C8-4FDA-BE7E-9FC98CE5B654}.Release|Any CPU.Build.0 = Release|Any CPU
	EndGlobalSection
	GlobalSection(SolutionProperties) = preSolution
		HideSolutionNode = FALSE
	EndGlobalSection
	GlobalSection(ExtensibilityGlobals) = postSolution
		SolutionGuid = {93FD864A-470C-48E8-A892-26E0C615DE11}
	EndGlobalSection
EndGlobal
